
Microsoft Visual Studio Solution File, Format Version 12.00
# Visual Studio Version 17
VisualStudioVersion = 17.5.33530.505
MinimumVisualStudioVersion = 10.0.40219.1
Project("{9A19103F-16F7-4668-BE54-9A1E7A4F7556}") = "Ejercicio 1", "Ejercicio 1\Ejercicio 1.csproj", "{9D177415-F8B7-49B5-BE39-A972EAF43B78}"
EndProject
Project("{9A19103F-16F7-4668-BE54-9A1E7A4F7556}") = "Ejercicio 2", "Ejercicio 2\Ejercicio 2.csproj", "{3EF82397-FF76-4BEF-89D3-BE4A1BF8BB29}"
EndProject
Project("{9A19103F-16F7-4668-BE54-9A1E7A4F7556}") = "Ejercicio 3", "Ejercicio 3\Ejercicio 3.csproj", "{6CD7B267-642C-492B-9572-E08E8AB737D9}"
EndProject
Project("{9A19103F-16F7-4668-BE54-9A1E7A4F7556}") = "Ejercicio 11", "Ejercicio 11\Ejercicio 11.csproj", "{2BCF75E7-2E44-4A82-B52A-2B3C05EFCB09}"
EndProject
Project("{9A19103F-16F7-4668-BE54-9A1E7A4F7556}") = "Ejercicio 16", "Ejercicio 16\Ejercicio 16.csproj", "{3D83D59D-4DEA-4187-AF48-DCF81CE4762E}"
EndProject
Project("{9A19103F-16F7-4668-BE54-9A1E7A4F7556}") = "Ejercicio 20", "Ejercicio 20\Ejercicio 20.csproj", "{F907677D-EC34-4532-9752-8F104039BB81}"
EndProject
Project("{9A19103F-16F7-4668-BE54-9A1E7A4F7556}") = "Ejercicio 23", "Ejercicio 23\Ejercicio 23.csproj", "{F921397D-DAE0-408A-9085-4D3856F90C8A}"
EndProject
Project("{9A19103F-16F7-4668-BE54-9A1E7A4F7556}") = "Ejercicio 21", "Ejercicio 21\Ejercicio 21.csproj", "{DFC4C433-3E93-4366-9F56-2965DED885DF}"
EndProject
Project("{9A19103F-16F7-4668-BE54-9A1E7A4F7556}") = "Ejercicio 30", "Ejercicio 30\Ejercicio 30.csproj", "{98C8F973-DB62-4B5D-A4B1-EA58A7EC8309}"
EndProject
Project("{FAE04EC0-301F-11D3-BF4B-00C04F79EFBC}") = "Ejercicio 30 Consola", "Ejercicio 30 Consola\Ejercicio 30 Consola.csproj", "{7569E8CA-E395-4B56-9D80-AE1576906C7C}"
EndProject
Global
	GlobalSection(SolutionConfigurationPlatforms) = preSolution
		Debug|Any CPU = Debug|Any CPU
		Release|Any CPU = Release|Any CPU
	EndGlobalSection
	GlobalSection(ProjectConfigurationPlatforms) = postSolution
		{9D177415-F8B7-49B5-BE39-A972EAF43B78}.Debug|Any CPU.ActiveCfg = Debug|Any CPU
		{9D177415-F8B7-49B5-BE39-A972EAF43B78}.Debug|Any CPU.Build.0 = Debug|Any CPU
		{9D177415-F8B7-49B5-BE39-A972EAF43B78}.Release|Any CPU.ActiveCfg = Release|Any CPU
		{9D177415-F8B7-49B5-BE39-A972EAF43B78}.Release|Any CPU.Build.0 = Release|Any CPU
		{3EF82397-FF76-4BEF-89D3-BE4A1BF8BB29}.Debug|Any CPU.ActiveCfg = Debug|Any CPU
		{3EF82397-FF76-4BEF-89D3-BE4A1BF8BB29}.Debug|Any CPU.Build.0 = Debug|Any CPU
		{3EF82397-FF76-4BEF-89D3-BE4A1BF8BB29}.Release|Any CPU.ActiveCfg = Release|Any CPU
		{3EF82397-FF76-4BEF-89D3-BE4A1BF8BB29}.Release|Any CPU.Build.0 = Release|Any CPU
		{6CD7B267-642C-492B-9572-E08E8AB737D9}.Debug|Any CPU.ActiveCfg = Debug|Any CPU
		{6CD7B267-642C-492B-9572-E08E8AB737D9}.Debug|Any CPU.Build.0 = Debug|Any CPU
		{6CD7B267-642C-492B-9572-E08E8AB737D9}.Release|Any CPU.ActiveCfg = Release|Any CPU
		{6CD7B267-642C-492B-9572-E08E8AB737D9}.Release|Any CPU.Build.0 = Release|Any CPU
		{2BCF75E7-2E44-4A82-B52A-2B3C05EFCB09}.Debug|Any CPU.ActiveCfg = Debug|Any CPU
		{2BCF75E7-2E44-4A82-B52A-2B3C05EFCB09}.Debug|Any CPU.Build.0 = Debug|Any CPU
		{2BCF75E7-2E44-4A82-B52A-2B3C05EFCB09}.Release|Any CPU.ActiveCfg = Release|Any CPU
		{2BCF75E7-2E44-4A82-B52A-2B3C05EFCB09}.Release|Any CPU.Build.0 = Release|Any CPU
		{3D83D59D-4DEA-4187-AF48-DCF81CE4762E}.Debug|Any CPU.ActiveCfg = Debug|Any CPU
		{3D83D59D-4DEA-4187-AF48-DCF81CE4762E}.Debug|Any CPU.Build.0 = Debug|Any CPU
		{3D83D59D-4DEA-4187-AF48-DCF81CE4762E}.Release|Any CPU.ActiveCfg = Release|Any CPU
		{3D83D59D-4DEA-4187-AF48-DCF81CE4762E}.Release|Any CPU.Build.0 = Release|Any CPU
		{F907677D-EC34-4532-9752-8F104039BB81}.Debug|Any CPU.ActiveCfg = Debug|Any CPU
		{F907677D-EC34-4532-9752-8F104039BB81}.Debug|Any CPU.Build.0 = Debug|Any CPU
		{F907677D-EC34-4532-9752-8F104039BB81}.Release|Any CPU.ActiveCfg = Release|Any CPU
		{F907677D-EC34-4532-9752-8F104039BB81}.Release|Any CPU.Build.0 = Release|Any CPU
		{F921397D-DAE0-408A-9085-4D3856F90C8A}.Debug|Any CPU.ActiveCfg = Debug|Any CPU
		{F921397D-DAE0-408A-9085-4D3856F90C8A}.Debug|Any CPU.Build.0 = Debug|Any CPU
		{F921397D-DAE0-408A-9085-4D3856F90C8A}.Release|Any CPU.ActiveCfg = Release|Any CPU
		{F921397D-DAE0-408A-9085-4D3856F90C8A}.Release|Any CPU.Build.0 = Release|Any CPU
		{DFC4C433-3E93-4366-9F56-2965DED885DF}.Debug|Any CPU.ActiveCfg = Debug|Any CPU
		{DFC4C433-3E93-4366-9F56-2965DED885DF}.Debug|Any CPU.Build.0 = Debug|Any CPU
		{DFC4C433-3E93-4366-9F56-2965DED885DF}.Release|Any CPU.ActiveCfg = Release|Any CPU
		{DFC4C433-3E93-4366-9F56-2965DED885DF}.Release|Any CPU.Build.0 = Release|Any CPU
		{98C8F973-DB62-4B5D-A4B1-EA58A7EC8309}.Debug|Any CPU.ActiveCfg = Debug|Any CPU
		{98C8F973-DB62-4B5D-A4B1-EA58A7EC8309}.Debug|Any CPU.Build.0 = Debug|Any CPU
		{98C8F973-DB62-4B5D-A4B1-EA58A7EC8309}.Release|Any CPU.ActiveCfg = Release|Any CPU
		{98C8F973-DB62-4B5D-A4B1-EA58A7EC8309}.Release|Any CPU.Build.0 = Release|Any CPU
		{7569E8CA-E395-4B56-9D80-AE1576906C7C}.Debug|Any CPU.ActiveCfg = Debug|Any CPU
		{7569E8CA-E395-4B56-9D80-AE1576906C7C}.Debug|Any CPU.Build.0 = Debug|Any CPU
		{7569E8CA-E395-4B56-9D80-AE1576906C7C}.Release|Any CPU.ActiveCfg = Release|Any CPU
		{7569E8CA-E395-4B56-9D80-AE1576906C7C}.Release|Any CPU.Build.0 = Release|Any CPU
	EndGlobalSection
	GlobalSection(SolutionProperties) = preSolution
		HideSolutionNode = FALSE
	EndGlobalSection
	GlobalSection(ExtensibilityGlobals) = postSolution
		SolutionGuid = {EFFF7F97-07FC-4C6F-B61B-9023F33D5F73}
	EndGlobalSection
EndGlobal
