
Microsoft Visual Studio Solution File, Format Version 12.00
# Visual Studio Version 17
VisualStudioVersion = 17.6.33712.159
MinimumVisualStudioVersion = 10.0.40219.1
Project("{9A19103F-16F7-4668-BE54-9A1E7A4F7556}") = "BibliotecaDeClases", "BibliotecaDeClases\BibliotecaDeClases.csproj", "{A8F49E71-5CEE-4298-B0D0-47280C984BBC}"
EndProject
Project("{9A19103F-16F7-4668-BE54-9A1E7A4F7556}") = "Test", "Test\Test.csproj", "{5F918764-0A62-4954-A9EC-FA9725F81828}"
EndProject
Project("{FAE04EC0-301F-11D3-BF4B-00C04F79EFBC}") = "FormsApp", "FormsApp\FormsApp.csproj", "{FC1D3144-DE03-4B5C-B293-1A27CE1454AB}"
EndProject
Project("{2150E333-8FDC-42A3-9474-1A3956D46DE8}") = "Solution Items", "Solution Items", "{475BE5C8-D14F-4E03-88BA-72DF8B15F377}"
	ProjectSection(SolutionItems) = preProject
		.editorconfig = .editorconfig
	EndProjectSection
EndProject
Global
	GlobalSection(SolutionConfigurationPlatforms) = preSolution
		Debug|Any CPU = Debug|Any CPU
		Release|Any CPU = Release|Any CPU
	EndGlobalSection
	GlobalSection(ProjectConfigurationPlatforms) = postSolution
		{A8F49E71-5CEE-4298-B0D0-47280C984BBC}.Debug|Any CPU.ActiveCfg = Debug|Any CPU
		{A8F49E71-5CEE-4298-B0D0-47280C984BBC}.Debug|Any CPU.Build.0 = Debug|Any CPU
		{A8F49E71-5CEE-4298-B0D0-47280C984BBC}.Release|Any CPU.ActiveCfg = Release|Any CPU
		{A8F49E71-5CEE-4298-B0D0-47280C984BBC}.Release|Any CPU.Build.0 = Release|Any CPU
		{5F918764-0A62-4954-A9EC-FA9725F81828}.Debug|Any CPU.ActiveCfg = Debug|Any CPU
		{5F918764-0A62-4954-A9EC-FA9725F81828}.Debug|Any CPU.Build.0 = Debug|Any CPU
		{5F918764-0A62-4954-A9EC-FA9725F81828}.Release|Any CPU.ActiveCfg = Release|Any CPU
		{5F918764-0A62-4954-A9EC-FA9725F81828}.Release|Any CPU.Build.0 = Release|Any CPU
		{FC1D3144-DE03-4B5C-B293-1A27CE1454AB}.Debug|Any CPU.ActiveCfg = Debug|Any CPU
		{FC1D3144-DE03-4B5C-B293-1A27CE1454AB}.Debug|Any CPU.Build.0 = Debug|Any CPU
		{FC1D3144-DE03-4B5C-B293-1A27CE1454AB}.Release|Any CPU.ActiveCfg = Release|Any CPU
		{FC1D3144-DE03-4B5C-B293-1A27CE1454AB}.Release|Any CPU.Build.0 = Release|Any CPU
	EndGlobalSection
	GlobalSection(SolutionProperties) = preSolution
		HideSolutionNode = FALSE
	EndGlobalSection
	GlobalSection(ExtensibilityGlobals) = postSolution
		SolutionGuid = {F55512E4-0C9D-423A-87D8-BA9BAB0ABA0C}
	EndGlobalSection
EndGlobal
