
Microsoft Visual Studio Solution File, Format Version 12.00
# Visual Studio Version 17
VisualStudioVersion = 17.3.32901.215
MinimumVisualStudioVersion = 10.0.40219.1
Project("{FAE04EC0-301F-11D3-BF4B-00C04F79EFBC}") = "Clase_01", "Clase_01\Clase_01.csproj", "{5B9BE174-B223-4023-AE41-B7C8C36ED802}"
EndProject
Global
	GlobalSection(SolutionConfigurationPlatforms) = preSolution
		Debug|Any CPU = Debug|Any CPU
		Release|Any CPU = Release|Any CPU
	EndGlobalSection
	GlobalSection(ProjectConfigurationPlatforms) = postSolution
		{5B9BE174-B223-4023-AE41-B7C8C36ED802}.Debug|Any CPU.ActiveCfg = Debug|Any CPU
		{5B9BE174-B223-4023-AE41-B7C8C36ED802}.Debug|Any CPU.Build.0 = Debug|Any CPU
		{5B9BE174-B223-4023-AE41-B7C8C36ED802}.Release|Any CPU.ActiveCfg = Release|Any CPU
		{5B9BE174-B223-4023-AE41-B7C8C36ED802}.Release|Any CPU.Build.0 = Release|Any CPU
	EndGlobalSection
	GlobalSection(SolutionProperties) = preSolution
		HideSolutionNode = FALSE
	EndGlobalSection
	GlobalSection(ExtensibilityGlobals) = postSolution
		SolutionGuid = {30A92EF9-646B-4C7A-8351-ECF157F8AC0E}
	EndGlobalSection
EndGlobal
